
Microsoft Visual Studio Solution File, Format Version 12.00
# Visual Studio Version 17
VisualStudioVersion = 17.2.32602.215
MinimumVisualStudioVersion = 10.0.40219.1
Project("{FAE04EC0-301F-11D3-BF4B-00C04F79EFBC}") = "abstractclass.micheleconte", "abstractclass.micheleconte.csproj", "{AAC49482-0ABE-4C3B-BF30-270CD14EE9AF}"
EndProject
Global
	GlobalSection(SolutionConfigurationPlatforms) = preSolution
		Debug|Any CPU = Debug|Any CPU
		Release|Any CPU = Release|Any CPU
	EndGlobalSection
	GlobalSection(ProjectConfigurationPlatforms) = postSolution
		{AAC49482-0ABE-4C3B-BF30-270CD14EE9AF}.Debug|Any CPU.ActiveCfg = Debug|Any CPU
		{AAC49482-0ABE-4C3B-BF30-270CD14EE9AF}.Debug|Any CPU.Build.0 = Debug|Any CPU
		{AAC49482-0ABE-4C3B-BF30-270CD14EE9AF}.Release|Any CPU.ActiveCfg = Release|Any CPU
		{AAC49482-0ABE-4C3B-BF30-270CD14EE9AF}.Release|Any CPU.Build.0 = Release|Any CPU
	EndGlobalSection
	GlobalSection(SolutionProperties) = preSolution
		HideSolutionNode = FALSE
	EndGlobalSection
	GlobalSection(ExtensibilityGlobals) = postSolution
		SolutionGuid = {7BA6C902-BBEF-4A34-BA7B-BB8CA6EE1AED}
	EndGlobalSection
EndGlobal
